
Microsoft Visual Studio Solution File, Format Version 12.00
# Visual Studio 2015
Project("{FAE04EC0-301F-11D3-BF4B-00C04F79EFBC}") = "ENG100D-WI17-Food-Runner.Plugins", "ENG100D-WI17-Food-Runner.Plugins.csproj", "{FD511BCC-A133-D3CA-5791-71E621375899}"
EndProject
Project("{FAE04EC0-301F-11D3-BF4B-00C04F79EFBC}") = "ENG100D-WI17-Food-Runner", "ENG100D-WI17-Food-Runner.csproj", "{9A296EB9-A562-82D8-C066-A78EC55BCA0F}"
EndProject
Project("{FAE04EC0-301F-11D3-BF4B-00C04F79EFBC}") = "ENG100D-WI17-Food-Runner.Editor", "ENG100D-WI17-Food-Runner.Editor.csproj", "{769C8297-BF0B-2B59-8E96-43ED98B2F66C}"
EndProject
Global
	GlobalSection(SolutionConfigurationPlatforms) = preSolution
		Debug|Any CPU = Debug|Any CPU
		Release|Any CPU = Release|Any CPU
	EndGlobalSection
	GlobalSection(ProjectConfigurationPlatforms) = postSolution
		{FD511BCC-A133-D3CA-5791-71E621375899}.Debug|Any CPU.ActiveCfg = Debug|Any CPU
		{FD511BCC-A133-D3CA-5791-71E621375899}.Debug|Any CPU.Build.0 = Debug|Any CPU
		{FD511BCC-A133-D3CA-5791-71E621375899}.Release|Any CPU.ActiveCfg = Release|Any CPU
		{FD511BCC-A133-D3CA-5791-71E621375899}.Release|Any CPU.Build.0 = Release|Any CPU
		{9A296EB9-A562-82D8-C066-A78EC55BCA0F}.Debug|Any CPU.ActiveCfg = Debug|Any CPU
		{9A296EB9-A562-82D8-C066-A78EC55BCA0F}.Debug|Any CPU.Build.0 = Debug|Any CPU
		{9A296EB9-A562-82D8-C066-A78EC55BCA0F}.Release|Any CPU.ActiveCfg = Release|Any CPU
		{9A296EB9-A562-82D8-C066-A78EC55BCA0F}.Release|Any CPU.Build.0 = Release|Any CPU
		{769C8297-BF0B-2B59-8E96-43ED98B2F66C}.Debug|Any CPU.ActiveCfg = Debug|Any CPU
		{769C8297-BF0B-2B59-8E96-43ED98B2F66C}.Debug|Any CPU.Build.0 = Debug|Any CPU
		{769C8297-BF0B-2B59-8E96-43ED98B2F66C}.Release|Any CPU.ActiveCfg = Release|Any CPU
		{769C8297-BF0B-2B59-8E96-43ED98B2F66C}.Release|Any CPU.Build.0 = Release|Any CPU
	EndGlobalSection
	GlobalSection(SolutionProperties) = preSolution
		HideSolutionNode = FALSE
	EndGlobalSection
EndGlobal
